
Microsoft Visual Studio Solution File, Format Version 12.00
# Visual Studio Version 16
VisualStudioVersion = 16.0.30320.27
MinimumVisualStudioVersion = 10.0.40219.1
Project("{9A19103F-16F7-4668-BE54-9A1E7A4F7556}") = "Sample.Aws", "src\Sample.Aws\Sample.Aws.csproj", "{B0707565-67FC-45CC-AC8B-4B6A878EF0D2}"
EndProject
Project("{2150E333-8FDC-42A3-9474-1A3956D46DE8}") = "tests", "tests", "{D2F14992-A064-4A33-9CE1-2465522F24BA}"
EndProject
Project("{9A19103F-16F7-4668-BE54-9A1E7A4F7556}") = "Sample.Aws.Tests", "tests\Sample.Aws.Tests\Sample.Aws.Tests.csproj", "{D9ED929A-FBFD-4CF3-93A0-40C969B58104}"
EndProject
Global
	GlobalSection(SolutionConfigurationPlatforms) = preSolution
		Debug|Any CPU = Debug|Any CPU
		Release|Any CPU = Release|Any CPU
	EndGlobalSection
	GlobalSection(ProjectConfigurationPlatforms) = postSolution
		{B0707565-67FC-45CC-AC8B-4B6A878EF0D2}.Debug|Any CPU.ActiveCfg = Debug|Any CPU
		{B0707565-67FC-45CC-AC8B-4B6A878EF0D2}.Debug|Any CPU.Build.0 = Debug|Any CPU
		{B0707565-67FC-45CC-AC8B-4B6A878EF0D2}.Release|Any CPU.ActiveCfg = Release|Any CPU
		{B0707565-67FC-45CC-AC8B-4B6A878EF0D2}.Release|Any CPU.Build.0 = Release|Any CPU
		{D9ED929A-FBFD-4CF3-93A0-40C969B58104}.Debug|Any CPU.ActiveCfg = Debug|Any CPU
		{D9ED929A-FBFD-4CF3-93A0-40C969B58104}.Debug|Any CPU.Build.0 = Debug|Any CPU
		{D9ED929A-FBFD-4CF3-93A0-40C969B58104}.Release|Any CPU.ActiveCfg = Release|Any CPU
		{D9ED929A-FBFD-4CF3-93A0-40C969B58104}.Release|Any CPU.Build.0 = Release|Any CPU
	EndGlobalSection
	GlobalSection(SolutionProperties) = preSolution
		HideSolutionNode = FALSE
	EndGlobalSection
	GlobalSection(NestedProjects) = preSolution
		{D9ED929A-FBFD-4CF3-93A0-40C969B58104} = {D2F14992-A064-4A33-9CE1-2465522F24BA}
	EndGlobalSection
	GlobalSection(ExtensibilityGlobals) = postSolution
		SolutionGuid = {7A1CC68C-F937-4379-8EC6-76A72FF50633}
	EndGlobalSection
EndGlobal
